<?xml version="1.0" encoding="utf-8"?>
<Project ToolsVersion="4.0" xmlns="http://schemas.microsoft.com/developer/msbuild/2003">
  <ItemGroup>
    <Filter Include="Source Files">
      <UniqueIdentifier>{4FC737F1-C7A5-4376-A066-2A32D752A2FF}</UniqueIdentifier>
      <Extensions>cpp;c;cc;cxx;c++;cppm;ixx;def;odl;idl;hpj;bat;asm;asmx</Extensions>
    </Filter>
    <Filter Include="Header Files">
      <UniqueIdentifier>{93995380-89BD-4b04-88EB-625FBE52EBFB}</UniqueIdentifier>
      <Extensions>h;hh;hpp;hxx;h++;hm;inl;inc;ipp;xsd</Extensions>
    </Filter>
    <Filter Include="Resource Files">
      <UniqueIdentifier>{67DA6AB6-F800-4c08-8B7A-83BB121AAD01}</UniqueIdentifier>
      <Extensions>rc;ico;cur;bmp;dlg;rc2;rct;bin;rgs;gif;jpg;jpeg;jpe;resx;tiff;tif;png;wav;mfcribbon-ms</Extensions>
    </Filter>
    <Filter Include="Source Files\Utils">
      <UniqueIdentifier>{6c283a07-7b81-4a7b-8b72-a1288de3fb40}</UniqueIdentifier>
    </Filter>
    <Filter Include="Header Files\Utils">
      <UniqueIdentifier>{d451481f-6990-4d10-8311-c673fe5fcf0a}</UniqueIdentifier>
    </Filter>
    <Filter Include="Header Files\Actors">
      <UniqueIdentifier>{08c1fe35-1442-437f-a741-7d061da01853}</UniqueIdentifier>
    </Filter>
    <Filter Include="Header Files\Actors\Characters">
      <UniqueIdentifier>{9562dd00-397a-472d-a9ca-383e7dc2547e}</UniqueIdentifier>
    </Filter>
    <Filter Include="Header Files\Actors\Items">
      <UniqueIdentifier>{4bc9f5b7-aaee-45de-89a2-b6d190570139}</UniqueIdentifier>
    </Filter>
    <Filter Include="Source Files\Actors">
      <UniqueIdentifier>{baf46626-9f16-4346-bb49-642f3dc0699a}</UniqueIdentifier>
    </Filter>
    <Filter Include="Source Files\Actors\Items">
      <UniqueIdentifier>{b3678ba9-4b8d-4e18-be83-2713a3a625e6}</UniqueIdentifier>
    </Filter>
    <Filter Include="Source Files\Actors\Environment">
      <UniqueIdentifier>{f5be6b56-39d6-4a6e-b210-4e526c6c41a0}</UniqueIdentifier>
    </Filter>
    <Filter Include="Source Files\Actors\Characters">
      <UniqueIdentifier>{f60e6f1e-53ca-4e7e-a8ee-c12d61ef522e}</UniqueIdentifier>
    </Filter>
    <Filter Include="Header Files\Actors\Environment">
      <UniqueIdentifier>{94663bb5-6a4c-4a0f-8388-8b51663a96d4}</UniqueIdentifier>
    </Filter>
  </ItemGroup>
  <ItemGroup>
    <ClCompile Include="main.cpp">
      <Filter>Source Files</Filter>
    </ClCompile>
    <ClCompile Include="World.cpp">
      <Filter>Source Files</Filter>
    </ClCompile>
    <ClCompile Include="Map.cpp">
      <Filter>Source Files\Actors\Environment</Filter>
    </ClCompile>
    <ClCompile Include="AnimatedSprite.cpp">
      <Filter>Source Files\Utils</Filter>
    </ClCompile>
    <ClCompile Include="Boss.cpp">
      <Filter>Source Files\Actors\Characters</Filter>
    </ClCompile>
    <ClCompile Include="Character.cpp">
      <Filter>Source Files\Actors\Characters</Filter>
    </ClCompile>
    <ClCompile Include="Enemy.cpp">
      <Filter>Source Files\Actors\Characters</Filter>
    </ClCompile>
    <ClCompile Include="Player.cpp">
      <Filter>Source Files\Actors\Characters</Filter>
    </ClCompile>
    <ClCompile Include="TArray.h">
      <Filter>Header Files\Utils</Filter>
    </ClCompile>
    <ClCompile Include="TVector2D.h">
      <Filter>Header Files\Utils</Filter>
    </ClCompile>
    <ClCompile Include="Wood.cpp">
      <Filter>Source Files\Actors\Environment</Filter>
    </ClCompile>
    <ClCompile Include="Dungeon1.cpp">
      <Filter>Source Files\Actors\Environment</Filter>
    </ClCompile>
    <ClCompile Include="Pill.cpp">
      <Filter>Source Files\Actors\Items</Filter>
    </ClCompile>
    <ClCompile Include="Item.cpp">
      <Filter>Source Files\Actors\Items</Filter>
    </ClCompile>
    <ClCompile Include="Door.cpp">
      <Filter>Source Files\Actors\Environment</Filter>
    </ClCompile>
    <ClCompile Include="Actor.cpp">
      <Filter>Source Files\Actors</Filter>
    </ClCompile>
    <ClCompile Include="Dungeon2.cpp">
      <Filter>Source Files\Actors\Environment</Filter>
    </ClCompile>
    <ClCompile Include="Dungeon3.cpp">
      <Filter>Source Files\Actors\Environment</Filter>
    </ClCompile>
    <ClCompile Include="Door2.cpp">
      <Filter>Source Files\Actors\Environment</Filter>
    </ClCompile>
    <ClCompile Include="Rabclip.cpp">
      <Filter>Source Files\Actors\Characters</Filter>
    </ClCompile>
    <ClCompile Include="Mushroom.cpp">
      <Filter>Source Files\Actors\Items</Filter>
    </ClCompile>
  </ItemGroup>
  <ItemGroup>
    <None Include="planning.md" />
  </ItemGroup>
  <ItemGroup>
    <ClInclude Include="World.h">
      <Filter>Header Files</Filter>
    </ClInclude>
    <ClInclude Include="AnimatedSprite.h">
      <Filter>Header Files\Utils</Filter>
    </ClInclude>
    <ClInclude Include="Player.h">
      <Filter>Header Files\Actors\Characters</Filter>
    </ClInclude>
    <ClInclude Include="Enemy.h">
      <Filter>Header Files\Actors\Characters</Filter>
    </ClInclude>
    <ClInclude Include="Boss.h">
      <Filter>Header Files\Actors\Characters</Filter>
    </ClInclude>
    <ClInclude Include="Map.h">
      <Filter>Header Files\Actors\Environment</Filter>
    </ClInclude>
    <ClInclude Include="Character.h">
      <Filter>Header Files\Actors\Characters</Filter>
    </ClInclude>
    <ClInclude Include="Wood.h">
      <Filter>Header Files\Actors\Environment</Filter>
    </ClInclude>
    <ClInclude Include="Dungeon1.h">
      <Filter>Header Files\Actors\Environment</Filter>
    </ClInclude>
    <ClInclude Include="Pill.h">
      <Filter>Header Files\Actors\Items</Filter>
    </ClInclude>
    <ClInclude Include="Item.h">
      <Filter>Header Files\Actors\Items</Filter>
    </ClInclude>
    <ClInclude Include="Door.h">
      <Filter>Header Files\Actors\Environment</Filter>
    </ClInclude>
    <ClInclude Include="Actor.h">
      <Filter>Header Files\Actors</Filter>
    </ClInclude>
    <ClInclude Include="Dungeon2.h">
      <Filter>Header Files\Actors\Environment</Filter>
    </ClInclude>
    <ClInclude Include="Dungeon3.h">
      <Filter>Header Files\Actors\Environment</Filter>
    </ClInclude>
    <ClInclude Include="Door2.h">
      <Filter>Header Files\Actors\Environment</Filter>
    </ClInclude>
    <ClInclude Include="Rabclip.h">
      <Filter>Header Files\Actors\Characters</Filter>
    </ClInclude>
    <ClInclude Include="Mushroom.h">
      <Filter>Header Files\Actors\Items</Filter>
    </ClInclude>
  </ItemGroup>
</Project>